# This file is autogenerated, do not edit; changes may be undone by the next 'dep ensure'.


[[projects]]
  name = "github.com/kelseyhightower/envconfig"
  packages = ["."]
  revision = "f611eb38b3875cc3bd991ca91c51d06446afa14c"
  version = "v1.3.0"

[[projects]]
  branch = "master"
  name = "github.com/mlabouardy/dialogflow-go-client"
  packages = [".","models"]
  revision = "84d8aa0a65a597e3e30dddd49addf049693d8a26"

[[projects]]
  name = "github.com/nlopes/slack"
  packages = ["."]
  revision = "c86337c0ef2486a15edd804355d9c73d2f2caed1"
  version = "v0.1.0"

[[projects]]
  name = "github.com/satori/go.uuid"
  packages = ["."]
  revision = "879c5887cd475cd7864858769793b2ceb0d44feb"
  version = "v1.1.0"

[[projects]]
  branch = "master"
  name = "golang.org/x/net"
  packages = ["websocket"]
  revision = "42fe2e1c20de1054d3d30f82cc9fb5b41e2e3767"

[solve-meta]
  analyzer-name = "dep"
  analyzer-version = 1
  inputs-digest = "720b764f2f6a78f2f74b3338f76d397a94ee55f7952e864532a32d52b70514bf"
  solver-name = "gps-cdcl"
  solver-version = 1
